
Microsoft Visual Studio Solution File, Format Version 12.00
# Visual Studio Version 16
VisualStudioVersion = 16.0.33927.289
MinimumVisualStudioVersion = 10.0.40219.1
Project("{2150E333-8FDC-42A3-9474-1A3956D46DE8}") = "NewFolder1", "NewFolder1", "{28F44973-9485-4724-950C-2EEEF2C23641}"
EndProject
Project("{2150E333-8FDC-42A3-9474-1A3956D46DE8}") = "NewFolder2", "NewFolder2", "{C52B88E6-D1C5-4FF5-A29C-044DAE015D46}"
EndProject
Project("{2150E333-8FDC-42A3-9474-1A3956D46DE8}") = "NewFolder3", "NewFolder3", "{4C1F843A-B664-48C1-8311-0AEE3F49D90B}"
EndProject
Project("{2150E333-8FDC-42A3-9474-1A3956D46DE8}") = "NewFolder4", "NewFolder4", "{C9DC0F13-151E-4991-A77B-440F314A0073}"
EndProject
Project("{2150E333-8FDC-42A3-9474-1A3956D46DE8}") = "NewFolder5", "NewFolder5", "{3CA02691-0C6F-4E2C-BB05-C0F2412F0A81}"
EndProject
Project("{2150E333-8FDC-42A3-9474-1A3956D46DE8}") = "NewFolder6", "NewFolder6", "{57D7935A-8D99-47F1-851C-A72855CA5CAB}"
EndProject
Project("{2150E333-8FDC-42A3-9474-1A3956D46DE8}") = "NewFolder7", "NewFolder7", "{2C5A5009-6B82-4794-977F-57A925E9AF22}"
EndProject
Project("{2150E333-8FDC-42A3-9474-1A3956D46DE8}") = "NewFolder8", "NewFolder8", "{C16EDAE7-A587-45C3-B863-321B0CDB09EE}"
EndProject
Project("{FAE04EC0-301F-11D3-BF4B-00C04F79EFBC}") = "Tyuiu.MalyshkinNR.Sprint1.Task0.V27", "Tyuiu.MalyshkinNR.Sprint1.Task0.V27\Tyuiu.MalyshkinNR.Sprint1.Task0.V27.csproj", "{71C3E73D-1C07-4D2D-B6D1-DF804A9129DB}"
EndProject
Project("{FAE04EC0-301F-11D3-BF4B-00C04F79EFBC}") = "Tyuiu.MalyshkinNR.Sprint1.Task0.V27.Test", "Tyuiu.MalyshkinNR.Sprint1.Task0.V27.Test\Tyuiu.MalyshkinNR.Sprint1.Task0.V27.Test.csproj", "{76736CAA-C84E-4643-B69D-93FBC1207CEF}"
EndProject
Project("{FAE04EC0-301F-11D3-BF4B-00C04F79EFBC}") = "Tyuiu.MalyshkinNR.Sprint1.Task0.V27.Lib", "Tyuiu.MalyshkinNR.Sprint1.Task0.V27.Lib\Tyuiu.MalyshkinNR.Sprint1.Task0.V27.Lib.csproj", "{5BDD60A8-D7B4-4C49-8F7C-0BD90FD8D323}"
EndProject
Project("{FAE04EC0-301F-11D3-BF4B-00C04F79EFBC}") = "Tyuiu.MalyshkinNR.Sprint1.Task1.V1", "Tyuiu.MalyshkinNR.Sprint1.Task1.V1\Tyuiu.MalyshkinNR.Sprint1.Task1.V1.csproj", "{CA2BAA2E-AD9A-4E51-8EAD-9A9419C669E5}"
EndProject
Project("{FAE04EC0-301F-11D3-BF4B-00C04F79EFBC}") = "Tyuiu.MalyshkinNR.Sprint1.Task1.V1.Lib", "Tyuiu.MalyshkinNR.Sprint1.Task1.V1.Lib\Tyuiu.MalyshkinNR.Sprint1.Task1.V1.Lib.csproj", "{7AADB02B-409D-45F4-8E16-900177515F64}"
EndProject
Project("{FAE04EC0-301F-11D3-BF4B-00C04F79EFBC}") = "Tyuiu.MalyshkinNR.Sprint1.Task1.V1.Test", "Tyuiu.MalyshkinNR.Sprint1.Task1.V1.Test\Tyuiu.MalyshkinNR.Sprint1.Task1.V1.Test.csproj", "{4AEED498-A820-40F9-9466-942F5721A7B1}"
EndProject
Project("{FAE04EC0-301F-11D3-BF4B-00C04F79EFBC}") = "Tyuiu.MalyshkinNR.Sprint1.Task2.V5", "Tyuiu.MalyshkinNR.Sprint1.Task2.V5\Tyuiu.MalyshkinNR.Sprint1.Task2.V5.csproj", "{9F16D577-781B-44AC-AE23-F4B578A459C5}"
EndProject
Project("{FAE04EC0-301F-11D3-BF4B-00C04F79EFBC}") = "Tyuiu.MalyshkinNR.Sprint1.Task2.V5.Test", "Tyuiu.MalyshkinNR.Sprint1.Task2.V5.Test\Tyuiu.MalyshkinNR.Sprint1.Task2.V5.Test.csproj", "{1284E328-DC4B-4977-9DB0-912E8CE06054}"
EndProject
Project("{FAE04EC0-301F-11D3-BF4B-00C04F79EFBC}") = "Tyuiu.MalyshkinNR.Sprint1.Task2.V5.Lib", "Tyuiu.MalyshkinNR.Sprint1.Task2.V5.Lib\Tyuiu.MalyshkinNR.Sprint1.Task2.V5.Lib.csproj", "{AD62B657-7A48-4C3C-ACD4-3A71CABB10DE}"
EndProject
Project("{FAE04EC0-301F-11D3-BF4B-00C04F79EFBC}") = "Tyuiu.MalyshkinNR.Sprint1.Task3.V14", "Tyuiu.MalyshkinNR.Sprint1.Task3.V14\Tyuiu.MalyshkinNR.Sprint1.Task3.V14.csproj", "{F8E78D27-F29C-483D-8FAB-20C70CCCA930}"
EndProject
Project("{FAE04EC0-301F-11D3-BF4B-00C04F79EFBC}") = "Tyuiu.MalyshkinNR.Sprint1.Task3.V14.Lib", "Tyuiu.MalyshkinNR.Sprint1.Task3.V14.Lib\Tyuiu.MalyshkinNR.Sprint1.Task3.V14.Lib.csproj", "{DF1A1FB8-D36C-4B0E-A77B-BCBBB6F099C8}"
EndProject
Project("{FAE04EC0-301F-11D3-BF4B-00C04F79EFBC}") = "Tyuiu.MalyshkinNR.Sprint1.Task3.V14.Test", "Tyuiu.MalyshkinNR.Sprint1.Task3.V14.Test\Tyuiu.MalyshkinNR.Sprint1.Task3.V14.Test.csproj", "{E2CED508-47EA-4C0D-B356-375E06753804}"
EndProject
Project("{FAE04EC0-301F-11D3-BF4B-00C04F79EFBC}") = "Tyuiu.MalyshkinNR.Sprint1.Task4.V3", "Tyuiu.MalyshkinNR.Sprint1.Task4.V3\Tyuiu.MalyshkinNR.Sprint1.Task4.V3.csproj", "{E7916970-DA42-4465-A9A4-0B091DEB7D97}"
EndProject
Project("{FAE04EC0-301F-11D3-BF4B-00C04F79EFBC}") = "Tyuiu.MalyshkinNR.Sprint1.Task4.V3.Test", "Tyuiu.MalyshkinNR.Sprint1.Task4.V3.Test\Tyuiu.MalyshkinNR.Sprint1.Task4.V3.Test.csproj", "{3C8A8516-4148-44C4-A70B-6DBEA3651F82}"
EndProject
Project("{FAE04EC0-301F-11D3-BF4B-00C04F79EFBC}") = "Tyuiu.MalyshkinNR.Sprint1.Task4.V3.Lib", "Tyuiu.MalyshkinNR.Sprint1.Task4.V3.Lib\Tyuiu.MalyshkinNR.Sprint1.Task4.V3.Lib.csproj", "{6703A9A8-ACB3-4E00-AC61-897396117989}"
EndProject
Project("{FAE04EC0-301F-11D3-BF4B-00C04F79EFBC}") = "Tyuiu.MalyshkinNR.Sprint1.Task5.V5", "Tyuiu.MalyshkinNR.Sprint1.Task5.V5\Tyuiu.MalyshkinNR.Sprint1.Task5.V5.csproj", "{F57E5360-39DA-4520-A3B8-78635920FBD7}"
EndProject
Project("{FAE04EC0-301F-11D3-BF4B-00C04F79EFBC}") = "Tyuiu.MalyshkinNR.Sprint1.Task5.V5.Lib", "Tyuiu.MalyshkinNR.Sprint1.Task5.V5.Lib\Tyuiu.MalyshkinNR.Sprint1.Task5.V5.Lib.csproj", "{F1A45822-FC13-42F5-A0E9-0F47DA1AFC89}"
EndProject
Project("{FAE04EC0-301F-11D3-BF4B-00C04F79EFBC}") = "Tyuiu.MalyshkinNR.Sprint1.Task5.V5.Test", "Tyuiu.MalyshkinNR.Sprint1.Task5.V5.Test\Tyuiu.MalyshkinNR.Sprint1.Task5.V5.Test.csproj", "{07DA3344-E1E8-490E-8084-A1CFC7F5D71A}"
EndProject
Project("{FAE04EC0-301F-11D3-BF4B-00C04F79EFBC}") = "Tyuiu.MalyshkinNR.Sprint1.Task6.V18", "Tyuiu.MalyshkinNR.Sprint1.Task6.V18\Tyuiu.MalyshkinNR.Sprint1.Task6.V18.csproj", "{3818DE87-05A0-4D6D-96EC-611CDDC4DE1F}"
EndProject
Project("{FAE04EC0-301F-11D3-BF4B-00C04F79EFBC}") = "Tyuiu.MalyshkinNR.Sprint1.Task6.V18.Test", "Tyuiu.MalyshkinNR.Sprint1.Task6.V18.Test\Tyuiu.MalyshkinNR.Sprint1.Task6.V18.Test.csproj", "{FE135B85-DF84-46B0-83DF-EB7F20FF36B9}"
EndProject
Project("{FAE04EC0-301F-11D3-BF4B-00C04F79EFBC}") = "Tyuiu.MalyshkinNR.Sprint1.Task6.V18.Lib", "Tyuiu.MalyshkinNR.Sprint1.Task6.V18.Lib\Tyuiu.MalyshkinNR.Sprint1.Task6.V18.Lib.csproj", "{7451FA15-04A2-4BE3-AD05-67AA268A212C}"
EndProject
Global
	GlobalSection(SolutionConfigurationPlatforms) = preSolution
		Debug|Any CPU = Debug|Any CPU
		Debug|x64 = Debug|x64
		Debug|x86 = Debug|x86
		Release|Any CPU = Release|Any CPU
		Release|x64 = Release|x64
		Release|x86 = Release|x86
	EndGlobalSection
	GlobalSection(ProjectConfigurationPlatforms) = postSolution
		{71C3E73D-1C07-4D2D-B6D1-DF804A9129DB}.Debug|Any CPU.ActiveCfg = Debug|Any CPU
		{71C3E73D-1C07-4D2D-B6D1-DF804A9129DB}.Debug|Any CPU.Build.0 = Debug|Any CPU
		{71C3E73D-1C07-4D2D-B6D1-DF804A9129DB}.Debug|x64.ActiveCfg = Debug|Any CPU
		{71C3E73D-1C07-4D2D-B6D1-DF804A9129DB}.Debug|x64.Build.0 = Debug|Any CPU
		{71C3E73D-1C07-4D2D-B6D1-DF804A9129DB}.Debug|x86.ActiveCfg = Debug|Any CPU
		{71C3E73D-1C07-4D2D-B6D1-DF804A9129DB}.Debug|x86.Build.0 = Debug|Any CPU
		{71C3E73D-1C07-4D2D-B6D1-DF804A9129DB}.Release|Any CPU.ActiveCfg = Release|Any CPU
		{71C3E73D-1C07-4D2D-B6D1-DF804A9129DB}.Release|Any CPU.Build.0 = Release|Any CPU
		{71C3E73D-1C07-4D2D-B6D1-DF804A9129DB}.Release|x64.ActiveCfg = Release|Any CPU
		{71C3E73D-1C07-4D2D-B6D1-DF804A9129DB}.Release|x64.Build.0 = Release|Any CPU
		{71C3E73D-1C07-4D2D-B6D1-DF804A9129DB}.Release|x86.ActiveCfg = Release|Any CPU
		{71C3E73D-1C07-4D2D-B6D1-DF804A9129DB}.Release|x86.Build.0 = Release|Any CPU
		{76736CAA-C84E-4643-B69D-93FBC1207CEF}.Debug|Any CPU.ActiveCfg = Debug|Any CPU
		{76736CAA-C84E-4643-B69D-93FBC1207CEF}.Debug|Any CPU.Build.0 = Debug|Any CPU
		{76736CAA-C84E-4643-B69D-93FBC1207CEF}.Debug|x64.ActiveCfg = Debug|Any CPU
		{76736CAA-C84E-4643-B69D-93FBC1207CEF}.Debug|x64.Build.0 = Debug|Any CPU
		{76736CAA-C84E-4643-B69D-93FBC1207CEF}.Debug|x86.ActiveCfg = Debug|Any CPU
		{76736CAA-C84E-4643-B69D-93FBC1207CEF}.Debug|x86.Build.0 = Debug|Any CPU
		{76736CAA-C84E-4643-B69D-93FBC1207CEF}.Release|Any CPU.ActiveCfg = Release|Any CPU
		{76736CAA-C84E-4643-B69D-93FBC1207CEF}.Release|Any CPU.Build.0 = Release|Any CPU
		{76736CAA-C84E-4643-B69D-93FBC1207CEF}.Release|x64.ActiveCfg = Release|Any CPU
		{76736CAA-C84E-4643-B69D-93FBC1207CEF}.Release|x64.Build.0 = Release|Any CPU
		{76736CAA-C84E-4643-B69D-93FBC1207CEF}.Release|x86.ActiveCfg = Release|Any CPU
		{76736CAA-C84E-4643-B69D-93FBC1207CEF}.Release|x86.Build.0 = Release|Any CPU
		{5BDD60A8-D7B4-4C49-8F7C-0BD90FD8D323}.Debug|Any CPU.ActiveCfg = Debug|Any CPU
		{5BDD60A8-D7B4-4C49-8F7C-0BD90FD8D323}.Debug|Any CPU.Build.0 = Debug|Any CPU
		{5BDD60A8-D7B4-4C49-8F7C-0BD90FD8D323}.Debug|x64.ActiveCfg = Debug|Any CPU
		{5BDD60A8-D7B4-4C49-8F7C-0BD90FD8D323}.Debug|x64.Build.0 = Debug|Any CPU
		{5BDD60A8-D7B4-4C49-8F7C-0BD90FD8D323}.Debug|x86.ActiveCfg = Debug|Any CPU
		{5BDD60A8-D7B4-4C49-8F7C-0BD90FD8D323}.Debug|x86.Build.0 = Debug|Any CPU
		{5BDD60A8-D7B4-4C49-8F7C-0BD90FD8D323}.Release|Any CPU.ActiveCfg = Release|Any CPU
		{5BDD60A8-D7B4-4C49-8F7C-0BD90FD8D323}.Release|Any CPU.Build.0 = Release|Any CPU
		{5BDD60A8-D7B4-4C49-8F7C-0BD90FD8D323}.Release|x64.ActiveCfg = Release|Any CPU
		{5BDD60A8-D7B4-4C49-8F7C-0BD90FD8D323}.Release|x64.Build.0 = Release|Any CPU
		{5BDD60A8-D7B4-4C49-8F7C-0BD90FD8D323}.Release|x86.ActiveCfg = Release|Any CPU
		{5BDD60A8-D7B4-4C49-8F7C-0BD90FD8D323}.Release|x86.Build.0 = Release|Any CPU
		{CA2BAA2E-AD9A-4E51-8EAD-9A9419C669E5}.Debug|Any CPU.ActiveCfg = Debug|Any CPU
		{CA2BAA2E-AD9A-4E51-8EAD-9A9419C669E5}.Debug|Any CPU.Build.0 = Debug|Any CPU
		{CA2BAA2E-AD9A-4E51-8EAD-9A9419C669E5}.Debug|x64.ActiveCfg = Debug|Any CPU
		{CA2BAA2E-AD9A-4E51-8EAD-9A9419C669E5}.Debug|x64.Build.0 = Debug|Any CPU
		{CA2BAA2E-AD9A-4E51-8EAD-9A9419C669E5}.Debug|x86.ActiveCfg = Debug|Any CPU
		{CA2BAA2E-AD9A-4E51-8EAD-9A9419C669E5}.Debug|x86.Build.0 = Debug|Any CPU
		{CA2BAA2E-AD9A-4E51-8EAD-9A9419C669E5}.Release|Any CPU.ActiveCfg = Release|Any CPU
		{CA2BAA2E-AD9A-4E51-8EAD-9A9419C669E5}.Release|Any CPU.Build.0 = Release|Any CPU
		{CA2BAA2E-AD9A-4E51-8EAD-9A9419C669E5}.Release|x64.ActiveCfg = Release|Any CPU
		{CA2BAA2E-AD9A-4E51-8EAD-9A9419C669E5}.Release|x64.Build.0 = Release|Any CPU
		{CA2BAA2E-AD9A-4E51-8EAD-9A9419C669E5}.Release|x86.ActiveCfg = Release|Any CPU
		{CA2BAA2E-AD9A-4E51-8EAD-9A9419C669E5}.Release|x86.Build.0 = Release|Any CPU
		{7AADB02B-409D-45F4-8E16-900177515F64}.Debug|Any CPU.ActiveCfg = Debug|Any CPU
		{7AADB02B-409D-45F4-8E16-900177515F64}.Debug|Any CPU.Build.0 = Debug|Any CPU
		{7AADB02B-409D-45F4-8E16-900177515F64}.Debug|x64.ActiveCfg = Debug|Any CPU
		{7AADB02B-409D-45F4-8E16-900177515F64}.Debug|x64.Build.0 = Debug|Any CPU
		{7AADB02B-409D-45F4-8E16-900177515F64}.Debug|x86.ActiveCfg = Debug|Any CPU
		{7AADB02B-409D-45F4-8E16-900177515F64}.Debug|x86.Build.0 = Debug|Any CPU
		{7AADB02B-409D-45F4-8E16-900177515F64}.Release|Any CPU.ActiveCfg = Release|Any CPU
		{7AADB02B-409D-45F4-8E16-900177515F64}.Release|Any CPU.Build.0 = Release|Any CPU
		{7AADB02B-409D-45F4-8E16-900177515F64}.Release|x64.ActiveCfg = Release|Any CPU
		{7AADB02B-409D-45F4-8E16-900177515F64}.Release|x64.Build.0 = Release|Any CPU
		{7AADB02B-409D-45F4-8E16-900177515F64}.Release|x86.ActiveCfg = Release|Any CPU
		{7AADB02B-409D-45F4-8E16-900177515F64}.Release|x86.Build.0 = Release|Any CPU
		{4AEED498-A820-40F9-9466-942F5721A7B1}.Debug|Any CPU.ActiveCfg = Debug|Any CPU
		{4AEED498-A820-40F9-9466-942F5721A7B1}.Debug|Any CPU.Build.0 = Debug|Any CPU
		{4AEED498-A820-40F9-9466-942F5721A7B1}.Debug|x64.ActiveCfg = Debug|Any CPU
		{4AEED498-A820-40F9-9466-942F5721A7B1}.Debug|x64.Build.0 = Debug|Any CPU
		{4AEED498-A820-40F9-9466-942F5721A7B1}.Debug|x86.ActiveCfg = Debug|Any CPU
		{4AEED498-A820-40F9-9466-942F5721A7B1}.Debug|x86.Build.0 = Debug|Any CPU
		{4AEED498-A820-40F9-9466-942F5721A7B1}.Release|Any CPU.ActiveCfg = Release|Any CPU
		{4AEED498-A820-40F9-9466-942F5721A7B1}.Release|Any CPU.Build.0 = Release|Any CPU
		{4AEED498-A820-40F9-9466-942F5721A7B1}.Release|x64.ActiveCfg = Release|Any CPU
		{4AEED498-A820-40F9-9466-942F5721A7B1}.Release|x64.Build.0 = Release|Any CPU
		{4AEED498-A820-40F9-9466-942F5721A7B1}.Release|x86.ActiveCfg = Release|Any CPU
		{4AEED498-A820-40F9-9466-942F5721A7B1}.Release|x86.Build.0 = Release|Any CPU
		{9F16D577-781B-44AC-AE23-F4B578A459C5}.Debug|Any CPU.ActiveCfg = Debug|Any CPU
		{9F16D577-781B-44AC-AE23-F4B578A459C5}.Debug|Any CPU.Build.0 = Debug|Any CPU
		{9F16D577-781B-44AC-AE23-F4B578A459C5}.Debug|x64.ActiveCfg = Debug|Any CPU
		{9F16D577-781B-44AC-AE23-F4B578A459C5}.Debug|x64.Build.0 = Debug|Any CPU
		{9F16D577-781B-44AC-AE23-F4B578A459C5}.Debug|x86.ActiveCfg = Debug|Any CPU
		{9F16D577-781B-44AC-AE23-F4B578A459C5}.Debug|x86.Build.0 = Debug|Any CPU
		{9F16D577-781B-44AC-AE23-F4B578A459C5}.Release|Any CPU.ActiveCfg = Release|Any CPU
		{9F16D577-781B-44AC-AE23-F4B578A459C5}.Release|Any CPU.Build.0 = Release|Any CPU
		{9F16D577-781B-44AC-AE23-F4B578A459C5}.Release|x64.ActiveCfg = Release|Any CPU
		{9F16D577-781B-44AC-AE23-F4B578A459C5}.Release|x64.Build.0 = Release|Any CPU
		{9F16D577-781B-44AC-AE23-F4B578A459C5}.Release|x86.ActiveCfg = Release|Any CPU
		{9F16D577-781B-44AC-AE23-F4B578A459C5}.Release|x86.Build.0 = Release|Any CPU
		{1284E328-DC4B-4977-9DB0-912E8CE06054}.Debug|Any CPU.ActiveCfg = Debug|Any CPU
		{1284E328-DC4B-4977-9DB0-912E8CE06054}.Debug|Any CPU.Build.0 = Debug|Any CPU
		{1284E328-DC4B-4977-9DB0-912E8CE06054}.Debug|x64.ActiveCfg = Debug|Any CPU
		{1284E328-DC4B-4977-9DB0-912E8CE06054}.Debug|x64.Build.0 = Debug|Any CPU
		{1284E328-DC4B-4977-9DB0-912E8CE06054}.Debug|x86.ActiveCfg = Debug|Any CPU
		{1284E328-DC4B-4977-9DB0-912E8CE06054}.Debug|x86.Build.0 = Debug|Any CPU
		{1284E328-DC4B-4977-9DB0-912E8CE06054}.Release|Any CPU.ActiveCfg = Release|Any CPU
		{1284E328-DC4B-4977-9DB0-912E8CE06054}.Release|Any CPU.Build.0 = Release|Any CPU
		{1284E328-DC4B-4977-9DB0-912E8CE06054}.Release|x64.ActiveCfg = Release|Any CPU
		{1284E328-DC4B-4977-9DB0-912E8CE06054}.Release|x64.Build.0 = Release|Any CPU
		{1284E328-DC4B-4977-9DB0-912E8CE06054}.Release|x86.ActiveCfg = Release|Any CPU
		{1284E328-DC4B-4977-9DB0-912E8CE06054}.Release|x86.Build.0 = Release|Any CPU
		{AD62B657-7A48-4C3C-ACD4-3A71CABB10DE}.Debug|Any CPU.ActiveCfg = Debug|Any CPU
		{AD62B657-7A48-4C3C-ACD4-3A71CABB10DE}.Debug|Any CPU.Build.0 = Debug|Any CPU
		{AD62B657-7A48-4C3C-ACD4-3A71CABB10DE}.Debug|x64.ActiveCfg = Debug|Any CPU
		{AD62B657-7A48-4C3C-ACD4-3A71CABB10DE}.Debug|x64.Build.0 = Debug|Any CPU
		{AD62B657-7A48-4C3C-ACD4-3A71CABB10DE}.Debug|x86.ActiveCfg = Debug|Any CPU
		{AD62B657-7A48-4C3C-ACD4-3A71CABB10DE}.Debug|x86.Build.0 = Debug|Any CPU
		{AD62B657-7A48-4C3C-ACD4-3A71CABB10DE}.Release|Any CPU.ActiveCfg = Release|Any CPU
		{AD62B657-7A48-4C3C-ACD4-3A71CABB10DE}.Release|Any CPU.Build.0 = Release|Any CPU
		{AD62B657-7A48-4C3C-ACD4-3A71CABB10DE}.Release|x64.ActiveCfg = Release|Any CPU
		{AD62B657-7A48-4C3C-ACD4-3A71CABB10DE}.Release|x64.Build.0 = Release|Any CPU
		{AD62B657-7A48-4C3C-ACD4-3A71CABB10DE}.Release|x86.ActiveCfg = Release|Any CPU
		{AD62B657-7A48-4C3C-ACD4-3A71CABB10DE}.Release|x86.Build.0 = Release|Any CPU
		{F8E78D27-F29C-483D-8FAB-20C70CCCA930}.Debug|Any CPU.ActiveCfg = Debug|Any CPU
		{F8E78D27-F29C-483D-8FAB-20C70CCCA930}.Debug|Any CPU.Build.0 = Debug|Any CPU
		{F8E78D27-F29C-483D-8FAB-20C70CCCA930}.Debug|x64.ActiveCfg = Debug|Any CPU
		{F8E78D27-F29C-483D-8FAB-20C70CCCA930}.Debug|x64.Build.0 = Debug|Any CPU
		{F8E78D27-F29C-483D-8FAB-20C70CCCA930}.Debug|x86.ActiveCfg = Debug|Any CPU
		{F8E78D27-F29C-483D-8FAB-20C70CCCA930}.Debug|x86.Build.0 = Debug|Any CPU
		{F8E78D27-F29C-483D-8FAB-20C70CCCA930}.Release|Any CPU.ActiveCfg = Release|Any CPU
		{F8E78D27-F29C-483D-8FAB-20C70CCCA930}.Release|Any CPU.Build.0 = Release|Any CPU
		{F8E78D27-F29C-483D-8FAB-20C70CCCA930}.Release|x64.ActiveCfg = Release|Any CPU
		{F8E78D27-F29C-483D-8FAB-20C70CCCA930}.Release|x64.Build.0 = Release|Any CPU
		{F8E78D27-F29C-483D-8FAB-20C70CCCA930}.Release|x86.ActiveCfg = Release|Any CPU
		{F8E78D27-F29C-483D-8FAB-20C70CCCA930}.Release|x86.Build.0 = Release|Any CPU
		{DF1A1FB8-D36C-4B0E-A77B-BCBBB6F099C8}.Debug|Any CPU.ActiveCfg = Debug|Any CPU
		{DF1A1FB8-D36C-4B0E-A77B-BCBBB6F099C8}.Debug|Any CPU.Build.0 = Debug|Any CPU
		{DF1A1FB8-D36C-4B0E-A77B-BCBBB6F099C8}.Debug|x64.ActiveCfg = Debug|Any CPU
		{DF1A1FB8-D36C-4B0E-A77B-BCBBB6F099C8}.Debug|x64.Build.0 = Debug|Any CPU
		{DF1A1FB8-D36C-4B0E-A77B-BCBBB6F099C8}.Debug|x86.ActiveCfg = Debug|Any CPU
		{DF1A1FB8-D36C-4B0E-A77B-BCBBB6F099C8}.Debug|x86.Build.0 = Debug|Any CPU
		{DF1A1FB8-D36C-4B0E-A77B-BCBBB6F099C8}.Release|Any CPU.ActiveCfg = Release|Any CPU
		{DF1A1FB8-D36C-4B0E-A77B-BCBBB6F099C8}.Release|Any CPU.Build.0 = Release|Any CPU
		{DF1A1FB8-D36C-4B0E-A77B-BCBBB6F099C8}.Release|x64.ActiveCfg = Release|Any CPU
		{DF1A1FB8-D36C-4B0E-A77B-BCBBB6F099C8}.Release|x64.Build.0 = Release|Any CPU
		{DF1A1FB8-D36C-4B0E-A77B-BCBBB6F099C8}.Release|x86.ActiveCfg = Release|Any CPU
		{DF1A1FB8-D36C-4B0E-A77B-BCBBB6F099C8}.Release|x86.Build.0 = Release|Any CPU
		{E2CED508-47EA-4C0D-B356-375E06753804}.Debug|Any CPU.ActiveCfg = Debug|Any CPU
		{E2CED508-47EA-4C0D-B356-375E06753804}.Debug|Any CPU.Build.0 = Debug|Any CPU
		{E2CED508-47EA-4C0D-B356-375E06753804}.Debug|x64.ActiveCfg = Debug|Any CPU
		{E2CED508-47EA-4C0D-B356-375E06753804}.Debug|x64.Build.0 = Debug|Any CPU
		{E2CED508-47EA-4C0D-B356-375E06753804}.Debug|x86.ActiveCfg = Debug|Any CPU
		{E2CED508-47EA-4C0D-B356-375E06753804}.Debug|x86.Build.0 = Debug|Any CPU
		{E2CED508-47EA-4C0D-B356-375E06753804}.Release|Any CPU.ActiveCfg = Release|Any CPU
		{E2CED508-47EA-4C0D-B356-375E06753804}.Release|Any CPU.Build.0 = Release|Any CPU
		{E2CED508-47EA-4C0D-B356-375E06753804}.Release|x64.ActiveCfg = Release|Any CPU
		{E2CED508-47EA-4C0D-B356-375E06753804}.Release|x64.Build.0 = Release|Any CPU
		{E2CED508-47EA-4C0D-B356-375E06753804}.Release|x86.ActiveCfg = Release|Any CPU
		{E2CED508-47EA-4C0D-B356-375E06753804}.Release|x86.Build.0 = Release|Any CPU
		{E7916970-DA42-4465-A9A4-0B091DEB7D97}.Debug|Any CPU.ActiveCfg = Debug|Any CPU
		{E7916970-DA42-4465-A9A4-0B091DEB7D97}.Debug|Any CPU.Build.0 = Debug|Any CPU
		{E7916970-DA42-4465-A9A4-0B091DEB7D97}.Debug|x64.ActiveCfg = Debug|Any CPU
		{E7916970-DA42-4465-A9A4-0B091DEB7D97}.Debug|x64.Build.0 = Debug|Any CPU
		{E7916970-DA42-4465-A9A4-0B091DEB7D97}.Debug|x86.ActiveCfg = Debug|Any CPU
		{E7916970-DA42-4465-A9A4-0B091DEB7D97}.Debug|x86.Build.0 = Debug|Any CPU
		{E7916970-DA42-4465-A9A4-0B091DEB7D97}.Release|Any CPU.ActiveCfg = Release|Any CPU
		{E7916970-DA42-4465-A9A4-0B091DEB7D97}.Release|Any CPU.Build.0 = Release|Any CPU
		{E7916970-DA42-4465-A9A4-0B091DEB7D97}.Release|x64.ActiveCfg = Release|Any CPU
		{E7916970-DA42-4465-A9A4-0B091DEB7D97}.Release|x64.Build.0 = Release|Any CPU
		{E7916970-DA42-4465-A9A4-0B091DEB7D97}.Release|x86.ActiveCfg = Release|Any CPU
		{E7916970-DA42-4465-A9A4-0B091DEB7D97}.Release|x86.Build.0 = Release|Any CPU
		{3C8A8516-4148-44C4-A70B-6DBEA3651F82}.Debug|Any CPU.ActiveCfg = Debug|Any CPU
		{3C8A8516-4148-44C4-A70B-6DBEA3651F82}.Debug|Any CPU.Build.0 = Debug|Any CPU
		{3C8A8516-4148-44C4-A70B-6DBEA3651F82}.Debug|x64.ActiveCfg = Debug|Any CPU
		{3C8A8516-4148-44C4-A70B-6DBEA3651F82}.Debug|x64.Build.0 = Debug|Any CPU
		{3C8A8516-4148-44C4-A70B-6DBEA3651F82}.Debug|x86.ActiveCfg = Debug|Any CPU
		{3C8A8516-4148-44C4-A70B-6DBEA3651F82}.Debug|x86.Build.0 = Debug|Any CPU
		{3C8A8516-4148-44C4-A70B-6DBEA3651F82}.Release|Any CPU.ActiveCfg = Release|Any CPU
		{3C8A8516-4148-44C4-A70B-6DBEA3651F82}.Release|Any CPU.Build.0 = Release|Any CPU
		{3C8A8516-4148-44C4-A70B-6DBEA3651F82}.Release|x64.ActiveCfg = Release|Any CPU
		{3C8A8516-4148-44C4-A70B-6DBEA3651F82}.Release|x64.Build.0 = Release|Any CPU
		{3C8A8516-4148-44C4-A70B-6DBEA3651F82}.Release|x86.ActiveCfg = Release|Any CPU
		{3C8A8516-4148-44C4-A70B-6DBEA3651F82}.Release|x86.Build.0 = Release|Any CPU
		{6703A9A8-ACB3-4E00-AC61-897396117989}.Debug|Any CPU.ActiveCfg = Debug|Any CPU
		{6703A9A8-ACB3-4E00-AC61-897396117989}.Debug|Any CPU.Build.0 = Debug|Any CPU
		{6703A9A8-ACB3-4E00-AC61-897396117989}.Debug|x64.ActiveCfg = Debug|Any CPU
		{6703A9A8-ACB3-4E00-AC61-897396117989}.Debug|x64.Build.0 = Debug|Any CPU
		{6703A9A8-ACB3-4E00-AC61-897396117989}.Debug|x86.ActiveCfg = Debug|Any CPU
		{6703A9A8-ACB3-4E00-AC61-897396117989}.Debug|x86.Build.0 = Debug|Any CPU
		{6703A9A8-ACB3-4E00-AC61-897396117989}.Release|Any CPU.ActiveCfg = Release|Any CPU
		{6703A9A8-ACB3-4E00-AC61-897396117989}.Release|Any CPU.Build.0 = Release|Any CPU
		{6703A9A8-ACB3-4E00-AC61-897396117989}.Release|x64.ActiveCfg = Release|Any CPU
		{6703A9A8-ACB3-4E00-AC61-897396117989}.Release|x64.Build.0 = Release|Any CPU
		{6703A9A8-ACB3-4E00-AC61-897396117989}.Release|x86.ActiveCfg = Release|Any CPU
		{6703A9A8-ACB3-4E00-AC61-897396117989}.Release|x86.Build.0 = Release|Any CPU
		{F57E5360-39DA-4520-A3B8-78635920FBD7}.Debug|Any CPU.ActiveCfg = Debug|Any CPU
		{F57E5360-39DA-4520-A3B8-78635920FBD7}.Debug|Any CPU.Build.0 = Debug|Any CPU
		{F57E5360-39DA-4520-A3B8-78635920FBD7}.Debug|x64.ActiveCfg = Debug|Any CPU
		{F57E5360-39DA-4520-A3B8-78635920FBD7}.Debug|x64.Build.0 = Debug|Any CPU
		{F57E5360-39DA-4520-A3B8-78635920FBD7}.Debug|x86.ActiveCfg = Debug|Any CPU
		{F57E5360-39DA-4520-A3B8-78635920FBD7}.Debug|x86.Build.0 = Debug|Any CPU
		{F57E5360-39DA-4520-A3B8-78635920FBD7}.Release|Any CPU.ActiveCfg = Release|Any CPU
		{F57E5360-39DA-4520-A3B8-78635920FBD7}.Release|Any CPU.Build.0 = Release|Any CPU
		{F57E5360-39DA-4520-A3B8-78635920FBD7}.Release|x64.ActiveCfg = Release|Any CPU
		{F57E5360-39DA-4520-A3B8-78635920FBD7}.Release|x64.Build.0 = Release|Any CPU
		{F57E5360-39DA-4520-A3B8-78635920FBD7}.Release|x86.ActiveCfg = Release|Any CPU
		{F57E5360-39DA-4520-A3B8-78635920FBD7}.Release|x86.Build.0 = Release|Any CPU
		{F1A45822-FC13-42F5-A0E9-0F47DA1AFC89}.Debug|Any CPU.ActiveCfg = Debug|Any CPU
		{F1A45822-FC13-42F5-A0E9-0F47DA1AFC89}.Debug|Any CPU.Build.0 = Debug|Any CPU
		{F1A45822-FC13-42F5-A0E9-0F47DA1AFC89}.Debug|x64.ActiveCfg = Debug|Any CPU
		{F1A45822-FC13-42F5-A0E9-0F47DA1AFC89}.Debug|x64.Build.0 = Debug|Any CPU
		{F1A45822-FC13-42F5-A0E9-0F47DA1AFC89}.Debug|x86.ActiveCfg = Debug|Any CPU
		{F1A45822-FC13-42F5-A0E9-0F47DA1AFC89}.Debug|x86.Build.0 = Debug|Any CPU
		{F1A45822-FC13-42F5-A0E9-0F47DA1AFC89}.Release|Any CPU.ActiveCfg = Release|Any CPU
		{F1A45822-FC13-42F5-A0E9-0F47DA1AFC89}.Release|Any CPU.Build.0 = Release|Any CPU
		{F1A45822-FC13-42F5-A0E9-0F47DA1AFC89}.Release|x64.ActiveCfg = Release|Any CPU
		{F1A45822-FC13-42F5-A0E9-0F47DA1AFC89}.Release|x64.Build.0 = Release|Any CPU
		{F1A45822-FC13-42F5-A0E9-0F47DA1AFC89}.Release|x86.ActiveCfg = Release|Any CPU
		{F1A45822-FC13-42F5-A0E9-0F47DA1AFC89}.Release|x86.Build.0 = Release|Any CPU
		{07DA3344-E1E8-490E-8084-A1CFC7F5D71A}.Debug|Any CPU.ActiveCfg = Debug|Any CPU
		{07DA3344-E1E8-490E-8084-A1CFC7F5D71A}.Debug|Any CPU.Build.0 = Debug|Any CPU
		{07DA3344-E1E8-490E-8084-A1CFC7F5D71A}.Debug|x64.ActiveCfg = Debug|Any CPU
		{07DA3344-E1E8-490E-8084-A1CFC7F5D71A}.Debug|x64.Build.0 = Debug|Any CPU
		{07DA3344-E1E8-490E-8084-A1CFC7F5D71A}.Debug|x86.ActiveCfg = Debug|Any CPU
		{07DA3344-E1E8-490E-8084-A1CFC7F5D71A}.Debug|x86.Build.0 = Debug|Any CPU
		{07DA3344-E1E8-490E-8084-A1CFC7F5D71A}.Release|Any CPU.ActiveCfg = Release|Any CPU
		{07DA3344-E1E8-490E-8084-A1CFC7F5D71A}.Release|Any CPU.Build.0 = Release|Any CPU
		{07DA3344-E1E8-490E-8084-A1CFC7F5D71A}.Release|x64.ActiveCfg = Release|Any CPU
		{07DA3344-E1E8-490E-8084-A1CFC7F5D71A}.Release|x64.Build.0 = Release|Any CPU
		{07DA3344-E1E8-490E-8084-A1CFC7F5D71A}.Release|x86.ActiveCfg = Release|Any CPU
		{07DA3344-E1E8-490E-8084-A1CFC7F5D71A}.Release|x86.Build.0 = Release|Any CPU
		{3818DE87-05A0-4D6D-96EC-611CDDC4DE1F}.Debug|Any CPU.ActiveCfg = Debug|Any CPU
		{3818DE87-05A0-4D6D-96EC-611CDDC4DE1F}.Debug|Any CPU.Build.0 = Debug|Any CPU
		{3818DE87-05A0-4D6D-96EC-611CDDC4DE1F}.Debug|x64.ActiveCfg = Debug|Any CPU
		{3818DE87-05A0-4D6D-96EC-611CDDC4DE1F}.Debug|x64.Build.0 = Debug|Any CPU
		{3818DE87-05A0-4D6D-96EC-611CDDC4DE1F}.Debug|x86.ActiveCfg = Debug|Any CPU
		{3818DE87-05A0-4D6D-96EC-611CDDC4DE1F}.Debug|x86.Build.0 = Debug|Any CPU
		{3818DE87-05A0-4D6D-96EC-611CDDC4DE1F}.Release|Any CPU.ActiveCfg = Release|Any CPU
		{3818DE87-05A0-4D6D-96EC-611CDDC4DE1F}.Release|Any CPU.Build.0 = Release|Any CPU
		{3818DE87-05A0-4D6D-96EC-611CDDC4DE1F}.Release|x64.ActiveCfg = Release|Any CPU
		{3818DE87-05A0-4D6D-96EC-611CDDC4DE1F}.Release|x64.Build.0 = Release|Any CPU
		{3818DE87-05A0-4D6D-96EC-611CDDC4DE1F}.Release|x86.ActiveCfg = Release|Any CPU
		{3818DE87-05A0-4D6D-96EC-611CDDC4DE1F}.Release|x86.Build.0 = Release|Any CPU
		{FE135B85-DF84-46B0-83DF-EB7F20FF36B9}.Debug|Any CPU.ActiveCfg = Debug|Any CPU
		{FE135B85-DF84-46B0-83DF-EB7F20FF36B9}.Debug|Any CPU.Build.0 = Debug|Any CPU
		{FE135B85-DF84-46B0-83DF-EB7F20FF36B9}.Debug|x64.ActiveCfg = Debug|Any CPU
		{FE135B85-DF84-46B0-83DF-EB7F20FF36B9}.Debug|x64.Build.0 = Debug|Any CPU
		{FE135B85-DF84-46B0-83DF-EB7F20FF36B9}.Debug|x86.ActiveCfg = Debug|Any CPU
		{FE135B85-DF84-46B0-83DF-EB7F20FF36B9}.Debug|x86.Build.0 = Debug|Any CPU
		{FE135B85-DF84-46B0-83DF-EB7F20FF36B9}.Release|Any CPU.ActiveCfg = Release|Any CPU
		{FE135B85-DF84-46B0-83DF-EB7F20FF36B9}.Release|Any CPU.Build.0 = Release|Any CPU
		{FE135B85-DF84-46B0-83DF-EB7F20FF36B9}.Release|x64.ActiveCfg = Release|Any CPU
		{FE135B85-DF84-46B0-83DF-EB7F20FF36B9}.Release|x64.Build.0 = Release|Any CPU
		{FE135B85-DF84-46B0-83DF-EB7F20FF36B9}.Release|x86.ActiveCfg = Release|Any CPU
		{FE135B85-DF84-46B0-83DF-EB7F20FF36B9}.Release|x86.Build.0 = Release|Any CPU
		{7451FA15-04A2-4BE3-AD05-67AA268A212C}.Debug|Any CPU.ActiveCfg = Debug|Any CPU
		{7451FA15-04A2-4BE3-AD05-67AA268A212C}.Debug|Any CPU.Build.0 = Debug|Any CPU
		{7451FA15-04A2-4BE3-AD05-67AA268A212C}.Debug|x64.ActiveCfg = Debug|Any CPU
		{7451FA15-04A2-4BE3-AD05-67AA268A212C}.Debug|x64.Build.0 = Debug|Any CPU
		{7451FA15-04A2-4BE3-AD05-67AA268A212C}.Debug|x86.ActiveCfg = Debug|Any CPU
		{7451FA15-04A2-4BE3-AD05-67AA268A212C}.Debug|x86.Build.0 = Debug|Any CPU
		{7451FA15-04A2-4BE3-AD05-67AA268A212C}.Release|Any CPU.ActiveCfg = Release|Any CPU
		{7451FA15-04A2-4BE3-AD05-67AA268A212C}.Release|Any CPU.Build.0 = Release|Any CPU
		{7451FA15-04A2-4BE3-AD05-67AA268A212C}.Release|x64.ActiveCfg = Release|Any CPU
		{7451FA15-04A2-4BE3-AD05-67AA268A212C}.Release|x64.Build.0 = Release|Any CPU
		{7451FA15-04A2-4BE3-AD05-67AA268A212C}.Release|x86.ActiveCfg = Release|Any CPU
		{7451FA15-04A2-4BE3-AD05-67AA268A212C}.Release|x86.Build.0 = Release|Any CPU
	EndGlobalSection
	GlobalSection(SolutionProperties) = preSolution
		HideSolutionNode = FALSE
	EndGlobalSection
	GlobalSection(NestedProjects) = preSolution
		{71C3E73D-1C07-4D2D-B6D1-DF804A9129DB} = {28F44973-9485-4724-950C-2EEEF2C23641}
		{76736CAA-C84E-4643-B69D-93FBC1207CEF} = {28F44973-9485-4724-950C-2EEEF2C23641}
		{5BDD60A8-D7B4-4C49-8F7C-0BD90FD8D323} = {28F44973-9485-4724-950C-2EEEF2C23641}
		{CA2BAA2E-AD9A-4E51-8EAD-9A9419C669E5} = {C52B88E6-D1C5-4FF5-A29C-044DAE015D46}
		{7AADB02B-409D-45F4-8E16-900177515F64} = {C52B88E6-D1C5-4FF5-A29C-044DAE015D46}
		{4AEED498-A820-40F9-9466-942F5721A7B1} = {C52B88E6-D1C5-4FF5-A29C-044DAE015D46}
		{9F16D577-781B-44AC-AE23-F4B578A459C5} = {4C1F843A-B664-48C1-8311-0AEE3F49D90B}
		{1284E328-DC4B-4977-9DB0-912E8CE06054} = {4C1F843A-B664-48C1-8311-0AEE3F49D90B}
		{AD62B657-7A48-4C3C-ACD4-3A71CABB10DE} = {4C1F843A-B664-48C1-8311-0AEE3F49D90B}
		{F8E78D27-F29C-483D-8FAB-20C70CCCA930} = {C9DC0F13-151E-4991-A77B-440F314A0073}
		{DF1A1FB8-D36C-4B0E-A77B-BCBBB6F099C8} = {C9DC0F13-151E-4991-A77B-440F314A0073}
		{E2CED508-47EA-4C0D-B356-375E06753804} = {C9DC0F13-151E-4991-A77B-440F314A0073}
		{E7916970-DA42-4465-A9A4-0B091DEB7D97} = {3CA02691-0C6F-4E2C-BB05-C0F2412F0A81}
		{3C8A8516-4148-44C4-A70B-6DBEA3651F82} = {3CA02691-0C6F-4E2C-BB05-C0F2412F0A81}
		{6703A9A8-ACB3-4E00-AC61-897396117989} = {3CA02691-0C6F-4E2C-BB05-C0F2412F0A81}
		{F57E5360-39DA-4520-A3B8-78635920FBD7} = {57D7935A-8D99-47F1-851C-A72855CA5CAB}
		{F1A45822-FC13-42F5-A0E9-0F47DA1AFC89} = {57D7935A-8D99-47F1-851C-A72855CA5CAB}
		{07DA3344-E1E8-490E-8084-A1CFC7F5D71A} = {57D7935A-8D99-47F1-851C-A72855CA5CAB}
		{3818DE87-05A0-4D6D-96EC-611CDDC4DE1F} = {2C5A5009-6B82-4794-977F-57A925E9AF22}
		{FE135B85-DF84-46B0-83DF-EB7F20FF36B9} = {2C5A5009-6B82-4794-977F-57A925E9AF22}
		{7451FA15-04A2-4BE3-AD05-67AA268A212C} = {2C5A5009-6B82-4794-977F-57A925E9AF22}
	EndGlobalSection
	GlobalSection(ExtensibilityGlobals) = postSolution
		SolutionGuid = {834F571E-E2A3-431A-8F35-F80F5C8E57E0}
	EndGlobalSection
EndGlobal
